
Microsoft Visual Studio Solution File, Format Version 12.00
# Visual Studio Version 16
VisualStudioVersion = 16.0.31025.194
MinimumVisualStudioVersion = 10.0.40219.1
Project("{FAE04EC0-301F-11D3-BF4B-00C04F79EFBC}") = "RedisMessenger", "RedisMessenger.csproj", "{8DCF0AF6-92E5-48E3-BC4B-445401BDF4D1}"
EndProject
Global
	GlobalSection(SolutionConfigurationPlatforms) = preSolution
		Debug|Any CPU = Debug|Any CPU
		Release|Any CPU = Release|Any CPU
	EndGlobalSection
	GlobalSection(ProjectConfigurationPlatforms) = postSolution
		{8DCF0AF6-92E5-48E3-BC4B-445401BDF4D1}.Debug|Any CPU.ActiveCfg = Debug|Any CPU
		{8DCF0AF6-92E5-48E3-BC4B-445401BDF4D1}.Debug|Any CPU.Build.0 = Debug|Any CPU
		{8DCF0AF6-92E5-48E3-BC4B-445401BDF4D1}.Release|Any CPU.ActiveCfg = Release|Any CPU
		{8DCF0AF6-92E5-48E3-BC4B-445401BDF4D1}.Release|Any CPU.Build.0 = Release|Any CPU
	EndGlobalSection
	GlobalSection(SolutionProperties) = preSolution
		HideSolutionNode = FALSE
	EndGlobalSection
	GlobalSection(ExtensibilityGlobals) = postSolution
		SolutionGuid = {503D0B43-9B5E-4A9C-8DB6-C59ED033083F}
	EndGlobalSection
EndGlobal
